// !$*UTF8*$!
{
	archiveVersion = 1;
	classes = {
	};
	objectVersion = 50;
	objects = {

/* Begin PBXBuildFile section */
		1309CB772284E77E00C865FD /* AppDelegate.swift in Sources */ = {isa = PBXBuildFile; fileRef = 1309CB762284E77E00C865FD /* AppDelegate.swift */; };
		1309CB792284E77E00C865FD /* ViewController.swift in Sources */ = {isa = PBXBuildFile; fileRef = 1309CB782284E77E00C865FD /* ViewController.swift */; };
		1309CB7C2284E77E00C865FD /* Main.storyboard in Resources */ = {isa = PBXBuildFile; fileRef = 1309CB7A2284E77E00C865FD /* Main.storyboard */; };
		1309CB7E2284E77F00C865FD /* Assets.xcassets in Resources */ = {isa = PBXBuildFile; fileRef = 1309CB7D2284E77F00C865FD /* Assets.xcassets */; };
		1309CB812284E77F00C865FD /* LaunchScreen.storyboard in Resources */ = {isa = PBXBuildFile; fileRef = 1309CB7F2284E77F00C865FD /* LaunchScreen.storyboard */; };
		1309CB8C2284E77F00C865FD /* ProjetoNovoTests.swift in Sources */ = {isa = PBXBuildFile; fileRef = 1309CB8B2284E77F00C865FD /* ProjetoNovoTests.swift */; };
		1309CB972284E77F00C865FD /* ProjetoNovoUITests.swift in Sources */ = {isa = PBXBuildFile; fileRef = 1309CB962284E77F00C865FD /* ProjetoNovoUITests.swift */; };
/* End PBXBuildFile section */

/* Begin PBXContainerItemProxy section */
		1309CB882284E77F00C865FD /* PBXContainerItemProxy */ = {
			isa = PBXContainerItemProxy;
			containerPortal = 1309CB6B2284E77E00C865FD /* Project object */;
			proxyType = 1;
			remoteGlobalIDString = 1309CB722284E77E00C865FD;
			remoteInfo = ProjetoNovo;
		};
		1309CB932284E77F00C865FD /* PBXContainerItemProxy */ = {
			isa = PBXContainerItemProxy;
			containerPortal = 1309CB6B2284E77E00C865FD /* Project object */;
			proxyType = 1;
			remoteGlobalIDString = 1309CB722284E77E00C865FD;
			remoteInfo = ProjetoNovo;
		};
/* End PBXContainerItemProxy section */

/* Begin PBXFileReference section */
		1309CB732284E77E00C865FD /* ProjetoNovo.app */ = {isa = PBXFileReference; explicitFileType = wrapper.application; includeInIndex = 0; path = ProjetoNovo.app; sourceTree = BUILT_PRODUCTS_DIR; };
		1309CB762284E77E00C865FD /* AppDelegate.swift */ = {isa = PBXFileReference; lastKnownFileType = sourcecode.swift; path = AppDelegate.swift; sourceTree = "<group>"; };
		1309CB782284E77E00C865FD /* ViewController.swift */ = {isa = PBXFileReference; lastKnownFileType = sourcecode.swift; path = ViewController.swift; sourceTree = "<group>"; };
		1309CB7B2284E77E00C865FD /* Base */ = {isa = PBXFileReference; lastKnownFileType = file.storyboard; name = Base; path = Base.lproj/Main.storyboard; sourceTree = "<group>"; };
		1309CB7D2284E77F00C865FD /* Assets.xcassets */ = {isa = PBXFileReference; lastKnownFileType = folder.assetcatalog; path = Assets.xcassets; sourceTree = "<group>"; };
		1309CB802284E77F00C865FD /* Base */ = {isa = PBXFileReference; lastKnownFileType = file.storyboard; name = Base; path = Base.lproj/LaunchScreen.storyboard; sourceTree = "<group>"; };
		1309CB822284E77F00C865FD /* Info.plist */ = {isa = PBXFileReference; lastKnownFileType = text.plist.xml; path = Info.plist; sourceTree = "<group>"; };
		1309CB872284E77F00C865FD /* ProjetoNovoTests.xctest */ = {isa = PBXFileReference; explicitFileType = wrapper.cfbundle; includeInIndex = 0; path = ProjetoNovoTests.xctest; sourceTree = BUILT_PRODUCTS_DIR; };
		1309CB8B2284E77F00C865FD /* ProjetoNovoTests.swift */ = {isa = PBXFileReference; lastKnownFileType = sourcecode.swift; path = ProjetoNovoTests.swift; sourceTree = "<group>"; };
		1309CB8D2284E77F00C865FD /* Info.plist */ = {isa = PBXFileReference; lastKnownFileType = text.plist.xml; path = Info.plist; sourceTree = "<group>"; };
		1309CB922284E77F00C865FD /* ProjetoNovoUITests.xctest */ = {isa = PBXFileReference; explicitFileType = wrapper.cfbundle; includeInIndex = 0; path = ProjetoNovoUITests.xctest; sourceTree = BUILT_PRODUCTS_DIR; };
		1309CB962284E77F00C865FD /* ProjetoNovoUITests.swift */ = {isa = PBXFileReference; lastKnownFileType = sourcecode.swift; path = ProjetoNovoUITests.swift; sourceTree = "<group>"; };
		1309CB982284E77F00C865FD /* Info.plist */ = {isa = PBXFileReference; lastKnownFileType = text.plist.xml; path = Info.plist; sourceTree = "<group>"; };
/* End PBXFileReference section */

/* Begin PBXFrameworksBuildPhase section */
		1309CB702284E77E00C865FD /* Frameworks */ = {
			isa = PBXFrameworksBuildPhase;
			buildActionMask = 2147483647;
			files = (
			);
			runOnlyForDeploymentPostprocessing = 0;
		};
		1309CB842284E77F00C865FD /* Frameworks */ = {
			isa = PBXFrameworksBuildPhase;
			buildActionMask = 2147483647;
			files = (
			);
			runOnlyForDeploymentPostprocessing = 0;
		};
		1309CB8F2284E77F00C865FD /* Frameworks */ = {
			isa = PBXFrameworksBuildPhase;
			buildActionMask = 2147483647;
			files = (
			);
			runOnlyForDeploymentPostprocessing = 0;
		};
/* End PBXFrameworksBuildPhase section */

/* Begin PBXGroup section */
		1309CB6A2284E77E00C865FD = {
			isa = PBXGroup;
			children = (
				1309CB752284E77E00C865FD /* ProjetoNovo */,
				1309CB8A2284E77F00C865FD /* ProjetoNovoTests */,
				1309CB952284E77F00C865FD /* ProjetoNovoUITests */,
				1309CB742284E77E00C865FD /* Products */,
			);
			sourceTree = "<group>";
		};
		1309CB742284E77E00C865FD /* Products */ = {
			isa = PBXGroup;
			children = (
				1309CB732284E77E00C865FD /* ProjetoNovo.app */,
				1309CB872284E77F00C865FD /* ProjetoNovoTests.xctest */,
				1309CB922284E77F00C865FD /* ProjetoNovoUITests.xctest */,
			);
			name = Products;
			sourceTree = "<group>";
		};
		1309CB752284E77E00C865FD /* ProjetoNovo */ = {
			isa = PBXGroup;
			children = (
				1309CB762284E77E00C865FD /* AppDelegate.swift */,
				1309CB782284E77E00C865FD /* ViewController.swift */,
				1309CB7A2284E77E00C865FD /* Main.storyboard */,
				1309CB7D2284E77F00C865FD /* Assets.xcassets */,
				1309CB7F2284E77F00C865FD /* LaunchScreen.storyboard */,
				1309CB822284E77F00C865FD /* Info.plist */,
			);
			path = ProjetoNovo;
			sourceTree = "<group>";
		};
		1309CB8A2284E77F00C865FD /* ProjetoNovoTests */ = {
			isa = PBXGroup;
			children = (
				1309CB8B2284E77F00C865FD /* ProjetoNovoTests.swift */,
				1309CB8D2284E77F00C865FD /* Info.plist */,
			);
			path = ProjetoNovoTests;
			sourceTree = "<group>";
		};
		1309CB952284E77F00C865FD /* ProjetoNovoUITests */ = {
			isa = PBXGroup;
			children = (
				1309CB962284E77F00C865FD /* ProjetoNovoUITests.swift */,
				1309CB982284E77F00C865FD /* Info.plist */,
			);
			path = ProjetoNovoUITests;
			sourceTree = "<group>";
		};
/* End PBXGroup section */

/* Begin PBXNativeTarget section */
		1309CB722284E77E00C865FD /* ProjetoNovo */ = {
			isa = PBXNativeTarget;
			buildConfigurationList = 1309CB9B2284E77F00C865FD /* Build configuration list for PBXNativeTarget "ProjetoNovo" */;
			buildPhases = (
				1309CB6F2284E77E00C865FD /* Sources */,
				1309CB702284E77E00C865FD /* Frameworks */,
				1309CB712284E77E00C865FD /* Resources */,
			);
			buildRules = (
			);
			dependencies = (
			);
			name = ProjetoNovo;
			productName = ProjetoNovo;
			productReference = 1309CB732284E77E00C865FD /* ProjetoNovo.app */;
			productType = "com.apple.product-type.application";
		};
		1309CB862284E77F00C865FD /* ProjetoNovoTests */ = {
			isa = PBXNativeTarget;
			buildConfigurationList = 1309CB9E2284E77F00C865FD /* Build configuration list for PBXNativeTarget "ProjetoNovoTests" */;
			buildPhases = (
				1309CB832284E77F00C865FD /* Sources */,
				1309CB842284E77F00C865FD /* Frameworks */,
				1309CB852284E77F00C865FD /* Resources */,
			);
			buildRules = (
			);
			dependencies = (
				1309CB892284E77F00C865FD /* PBXTargetDependency */,
			);
			name = ProjetoNovoTests;
			productName = ProjetoNovoTests;
			productReference = 1309CB872284E77F00C865FD /* ProjetoNovoTests.xctest */;
			productType = "com.apple.product-type.bundle.unit-test";
		};
		1309CB912284E77F00C865FD /* ProjetoNovoUITests */ = {
			isa = PBXNativeTarget;
			buildConfigurationList = 1309CBA12284E77F00C865FD /* Build configuration list for PBXNativeTarget "ProjetoNovoUITests" */;
			buildPhases = (
				1309CB8E2284E77F00C865FD /* Sources */,
				1309CB8F2284E77F00C865FD /* Frameworks */,
				1309CB902284E77F00C865FD /* Resources */,
			);
			buildRules = (
			);
			dependencies = (
				1309CB942284E77F00C865FD /* PBXTargetDependency */,
			);
			name = ProjetoNovoUITests;
			productName = ProjetoNovoUITests;
			productReference = 1309CB922284E77F00C865FD /* ProjetoNovoUITests.xctest */;
			productType = "com.apple.product-type.bundle.ui-testing";
		};
/* End PBXNativeTarget section */

/* Begin PBXProject section */
		1309CB6B2284E77E00C865FD /* Project object */ = {
			isa = PBXProject;
			attributes = {
				LastSwiftUpdateCheck = 1010;
				LastUpgradeCheck = 1010;
				ORGANIZATIONNAME = "Digital House";
				TargetAttributes = {
					1309CB722284E77E00C865FD = {
						CreatedOnToolsVersion = 10.1;
					};
					1309CB862284E77F00C865FD = {
						CreatedOnToolsVersion = 10.1;
						TestTargetID = 1309CB722284E77E00C865FD;
					};
					1309CB912284E77F00C865FD = {
						CreatedOnToolsVersion = 10.1;
						TestTargetID = 1309CB722284E77E00C865FD;
					};
				};
			};
			buildConfigurationList = 1309CB6E2284E77E00C865FD /* Build configuration list for PBXProject "ProjetoNovo" */;
			compatibilityVersion = "Xcode 9.3";
			developmentRegion = en;
			hasScannedForEncodings = 0;
			knownRegions = (
				en,
				Base,
			);
			mainGroup = 1309CB6A2284E77E00C865FD;
			productRefGroup = 1309CB742284E77E00C865FD /* Products */;
			projectDirPath = "";
			projectRoot = "";
			targets = (
				1309CB722284E77E00C865FD /* ProjetoNovo */,
				1309CB862284E77F00C865FD /* ProjetoNovoTests */,
				1309CB912284E77F00C865FD /* ProjetoNovoUITests */,
			);
		};
/* End PBXProject section */

/* Begin PBXResourcesBuildPhase section */
		1309CB712284E77E00C865FD /* Resources */ = {
			isa = PBXResourcesBuildPhase;
			buildActionMask = 2147483647;
			files = (
				1309CB812284E77F00C865FD /* LaunchScreen.storyboard in Resources */,
				1309CB7E2284E77F00C865FD /* Assets.xcassets in Resources */,
				1309CB7C2284E77E00C865FD /* Main.storyboard in Resources */,
			);
			runOnlyForDeploymentPostprocessing = 0;
		};
		1309CB852284E77F00C865FD /* Resources */ = {
			isa = PBXResourcesBuildPhase;
			buildActionMask = 2147483647;
			files = (
			);
			runOnlyForDeploymentPostprocessing = 0;
		};
		1309CB902284E77F00C865FD /* Resources */ = {
			isa = PBXResourcesBuildPhase;
			buildActionMask = 2147483647;
			files = (
			);
			runOnlyForDeploymentPostprocessing = 0;
		};
/* End PBXResourcesBuildPhase section */

/* Begin PBXSourcesBuildPhase section */
		1309CB6F2284E77E00C865FD /* Sources */ = {
			isa = PBXSourcesBuildPhase;
			buildActionMask = 2147483647;
			files = (
				1309CB792284E77E00C865FD /* ViewController.swift in Sources */,
				1309CB772284E77E00C865FD /* AppDelegate.swift in Sources */,
			);
			runOnlyForDeploymentPostprocessing = 0;
		};
		1309CB832284E77F00C865FD /* Sources */ = {
			isa = PBXSourcesBuildPhase;
			buildActionMask = 2147483647;
			files = (
				1309CB8C2284E77F00C865FD /* ProjetoNovoTests.swift in Sources */,
			);
			runOnlyForDeploymentPostprocessing = 0;
		};
		1309CB8E2284E77F00C865FD /* Sources */ = {
			isa = PBXSourcesBuildPhase;
			buildActionMask = 2147483647;
			files = (
				1309CB972284E77F00C865FD /* ProjetoNovoUITests.swift in Sources */,
			);
			runOnlyForDeploymentPostprocessing = 0;
		};
/* End PBXSourcesBuildPhase section */

/* Begin PBXTargetDependency section */
		1309CB892284E77F00C865FD /* PBXTargetDependency */ = {
			isa = PBXTargetDependency;
			target = 1309CB722284E77E00C865FD /* ProjetoNovo */;
			targetProxy = 1309CB882284E77F00C865FD /* PBXContainerItemProxy */;
		};
		1309CB942284E77F00C865FD /* PBXTargetDependency */ = {
			isa = PBXTargetDependency;
			target = 1309CB722284E77E00C865FD /* ProjetoNovo */;
			targetProxy = 1309CB932284E77F00C865FD /* PBXContainerItemProxy */;
		};
/* End PBXTargetDependency section */

/* Begin PBXVariantGroup section */
		1309CB7A2284E77E00C865FD /* Main.storyboard */ = {
			isa = PBXVariantGroup;
			children = (
				1309CB7B2284E77E00C865FD /* Base */,
			);
			name = Main.storyboard;
			sourceTree = "<group>";
		};
		1309CB7F2284E77F00C865FD /* LaunchScreen.storyboard */ = {
			isa = PBXVariantGroup;
			children = (
				1309CB802284E77F00C865FD /* Base */,
			);
			name = LaunchScreen.storyboard;
			sourceTree = "<group>";
		};
/* End PBXVariantGroup section */

/* Begin XCBuildConfiguration section */
		1309CB992284E77F00C865FD /* Debug */ = {
			isa = XCBuildConfiguration;
			buildSettings = {
				ALWAYS_SEARCH_USER_PATHS = NO;
				CLANG_ANALYZER_NONNULL = YES;
				CLANG_ANALYZER_NUMBER_OBJECT_CONVERSION = YES_AGGRESSIVE;
				CLANG_CXX_LANGUAGE_STANDARD = "gnu++14";
				CLANG_CXX_LIBRARY = "libc++";
				CLANG_ENABLE_MODULES = YES;
				CLANG_ENABLE_OBJC_ARC = YES;
				CLANG_ENABLE_OBJC_WEAK = YES;
				CLANG_WARN_BLOCK_CAPTURE_AUTORELEASING = YES;
				CLANG_WARN_BOOL_CONVERSION = YES;
				CLANG_WARN_COMMA = YES;
				CLANG_WARN_CONSTANT_CONVERSION = YES;
				CLANG_WARN_DEPRECATED_OBJC_IMPLEMENTATIONS = YES;
				CLANG_WARN_DIRECT_OBJC_ISA_USAGE = YES_ERROR;
				CLANG_WARN_DOCUMENTATION_COMMENTS = YES;
				CLANG_WARN_EMPTY_BODY = YES;
				CLANG_WARN_ENUM_CONVERSION = YES;
				CLANG_WARN_INFINITE_RECURSION = YES;
				CLANG_WARN_INT_CONVERSION = YES;
				CLANG_WARN_NON_LITERAL_NULL_CONVERSION = YES;
				CLANG_WARN_OBJC_IMPLICIT_RETAIN_SELF = YES;
				CLANG_WARN_OBJC_LITERAL_CONVERSION = YES;
				CLANG_WARN_OBJC_ROOT_CLASS = YES_ERROR;
				CLANG_WARN_RANGE_LOOP_ANALYSIS = YES;
				CLANG_WARN_STRICT_PROTOTYPES = YES;
				CLANG_WARN_SUSPICIOUS_MOVE = YES;
				CLANG_WARN_UNGUARDED_AVAILABILITY = YES_AGGRESSIVE;
				CLANG_WARN_UNREACHABLE_CODE = YES;
				CLANG_WARN__DUPLICATE_METHOD_MATCH = YES;
				CODE_SIGN_IDENTITY = "iPhone Developer";
				COPY_PHASE_STRIP = NO;
				DEBUG_INFORMATION_FORMAT = dwarf;
				ENABLE_STRICT_OBJC_MSGSEND = YES;
				ENABLE_TESTABILITY = YES;
				GCC_C_LANGUAGE_STANDARD = gnu11;
				GCC_DYNAMIC_NO_PIC = NO;
				GCC_NO_COMMON_BLOCKS = YES;
				GCC_OPTIMIZATION_LEVEL = 0;
				GCC_PREPROCESSOR_DEFINITIONS = (
					"DEBUG=1",
					"$(inherited)",
				);
				GCC_WARN_64_TO_32_BIT_CONVERSION = YES;
				GCC_WARN_ABOUT_RETURN_TYPE = YES_ERROR;
				GCC_WARN_UNDECLARED_SELECTOR = YES;
				GCC_WARN_UNINITIALIZED_AUTOS = YES_AGGRESSIVE;
				GCC_WARN_UNUSED_FUNCTION = YES;
				GCC_WARN_UNUSED_VARIABLE = YES;
				IPHONEOS_DEPLOYMENT_TARGET = 12.1;
				MTL_ENABLE_DEBUG_INFO = INCLUDE_SOURCE;
				MTL_FAST_MATH = YES;
				ONLY_ACTIVE_ARCH = YES;
				SDKROOT = iphoneos;
				SWIFT_ACTIVE_COMPILATION_CONDITIONS = DEBUG;
				SWIFT_OPTIMIZATION_LEVEL = "-Onone";
			};
			name = Debug;
		};
		1309CB9A2284E77F00C865FD /* Release */ = {
			isa = XCBuildConfiguration;
			buildSettings = {
				ALWAYS_SEARCH_USER_PATHS = NO;
				CLANG_ANALYZER_NONNULL = YES;
				CLANG_ANALYZER_NUMBER_OBJECT_CONVERSION = YES_AGGRESSIVE;
				CLANG_CXX_LANGUAGE_STANDARD = "gnu++14";
				CLANG_CXX_LIBRARY = "libc++";
				CLANG_ENABLE_MODULES = YES;
				CLANG_ENABLE_OBJC_ARC = YES;
				CLANG_ENABLE_OBJC_WEAK = YES;
				CLANG_WARN_BLOCK_CAPTURE_AUTORELEASING = YES;
				CLANG_WARN_BOOL_CONVERSION = YES;
				CLANG_WARN_COMMA = YES;
				CLANG_WARN_CONSTANT_CONVERSION = YES;
				CLANG_WARN_DEPRECATED_OBJC_IMPLEMENTATIONS = YES;
				CLANG_WARN_DIRECT_OBJC_ISA_USAGE = YES_ERROR;
				CLANG_WARN_DOCUMENTATION_COMMENTS = YES;
				CLANG_WARN_EMPTY_BODY = YES;
				CLANG_WARN_ENUM_CONVERSION = YES;
				CLANG_WARN_INFINITE_RECURSION = YES;
				CLANG_WARN_INT_CONVERSION = YES;
				CLANG_WARN_NON_LITERAL_NULL_CONVERSION = YES;
				CLANG_WARN_OBJC_IMPLICIT_RETAIN_SELF = YES;
				CLANG_WARN_OBJC_LITERAL_CONVERSION = YES;
				CLANG_WARN_OBJC_ROOT_CLASS = YES_ERROR;
				CLANG_WARN_RANGE_LOOP_ANALYSIS = YES;
				CLANG_WARN_STRICT_PROTOTYPES = YES;
				CLANG_WARN_SUSPICIOUS_MOVE = YES;
				CLANG_WARN_UNGUARDED_AVAILABILITY = YES_AGGRESSIVE;
				CLANG_WARN_UNREACHABLE_CODE = YES;
				CLANG_WARN__DUPLICATE_METHOD_MATCH = YES;
				CODE_SIGN_IDENTITY = "iPhone Developer";
				COPY_PHASE_STRIP = NO;
				DEBUG_INFORMATION_FORMAT = "dwarf-with-dsym";
				ENABLE_NS_ASSERTIONS = NO;
				ENABLE_STRICT_OBJC_MSGSEND = YES;
				GCC_C_LANGUAGE_STANDARD = gnu11;
				GCC_NO_COMMON_BLOCKS = YES;
				GCC_WARN_64_TO_32_BIT_CONVERSION = YES;
				GCC_WARN_ABOUT_RETURN_TYPE = YES_ERROR;
				GCC_WARN_UNDECLARED_SELECTOR = YES;
				GCC_WARN_UNINITIALIZED_AUTOS = YES_AGGRESSIVE;
				GCC_WARN_UNUSED_FUNCTION = YES;
				GCC_WARN_UNUSED_VARIABLE = YES;
				IPHONEOS_DEPLOYMENT_TARGET = 12.1;
				MTL_ENABLE_DEBUG_INFO = NO;
				MTL_FAST_MATH = YES;
				SDKROOT = iphoneos;
				SWIFT_COMPILATION_MODE = wholemodule;
				SWIFT_OPTIMIZATION_LEVEL = "-O";
				VALIDATE_PRODUCT = YES;
			};
			name = Release;
		};
		1309CB9C2284E77F00C865FD /* Debug */ = {
			isa = XCBuildConfiguration;
			buildSettings = {
				ASSETCATALOG_COMPILER_APPICON_NAME = AppIcon;
				CODE_SIGN_STYLE = Automatic;
				INFOPLIST_FILE = ProjetoNovo/Info.plist;
				LD_RUNPATH_SEARCH_PATHS = (
					"$(inherited)",
					"@executable_path/Frameworks",
				);
				PRODUCT_BUNDLE_IDENTIFIER = DigitalTest.ProjetoNovo;
				PRODUCT_NAME = "$(TARGET_NAME)";
				SWIFT_VERSION = 4.2;
				TARGETED_DEVICE_FAMILY = "1,2";
			};
			name = Debug;
		};
		1309CB9D2284E77F00C865FD /* Release */ = {
			isa = XCBuildConfiguration;
			buildSettings = {
				ASSETCATALOG_COMPILER_APPICON_NAME = AppIcon;
				CODE_SIGN_STYLE = Automatic;
				INFOPLIST_FILE = ProjetoNovo/Info.plist;
				LD_RUNPATH_SEARCH_PATHS = (
					"$(inherited)",
					"@executable_path/Frameworks",
				);
				PRODUCT_BUNDLE_IDENTIFIER = DigitalTest.ProjetoNovo;
				PRODUCT_NAME = "$(TARGET_NAME)";
				SWIFT_VERSION = 4.2;
				TARGETED_DEVICE_FAMILY = "1,2";
			};
			name = Release;
		};
		1309CB9F2284E77F00C865FD /* Debug */ = {
			isa = XCBuildConfiguration;
			buildSettings = {
				ALWAYS_EMBED_SWIFT_STANDARD_LIBRARIES = YES;
				BUNDLE_LOADER = "$(TEST_HOST)";
				CODE_SIGN_STYLE = Automatic;
				INFOPLIST_FILE = ProjetoNovoTests/Info.plist;
				LD_RUNPATH_SEARCH_PATHS = (
					"$(inherited)",
					"@executable_path/Frameworks",
					"@loader_path/Frameworks",
				);
				PRODUCT_BUNDLE_IDENTIFIER = DigitalTest.ProjetoNovoTests;
				PRODUCT_NAME = "$(TARGET_NAME)";
				SWIFT_VERSION = 4.2;
				TARGETED_DEVICE_FAMILY = "1,2";
				TEST_HOST = "$(BUILT_PRODUCTS_DIR)/ProjetoNovo.app/ProjetoNovo";
			};
			name = Debug;
		};
		1309CBA02284E77F00C865FD /* Release */ = {
			isa = XCBuildConfiguration;
			buildSettings = {
				ALWAYS_EMBED_SWIFT_STANDARD_LIBRARIES = YES;
				BUNDLE_LOADER = "$(TEST_HOST)";
				CODE_SIGN_STYLE = Automatic;
				INFOPLIST_FILE = ProjetoNovoTests/Info.plist;
				LD_RUNPATH_SEARCH_PATHS = (
					"$(inherited)",
					"@executable_path/Frameworks",
					"@loader_path/Frameworks",
				);
				PRODUCT_BUNDLE_IDENTIFIER = DigitalTest.ProjetoNovoTests;
				PRODUCT_NAME = "$(TARGET_NAME)";
				SWIFT_VERSION = 4.2;
				TARGETED_DEVICE_FAMILY = "1,2";
				TEST_HOST = "$(BUILT_PRODUCTS_DIR)/ProjetoNovo.app/ProjetoNovo";
			};
			name = Release;
		};
		1309CBA22284E77F00C865FD /* Debug */ = {
			isa = XCBuildConfiguration;
			buildSettings = {
				ALWAYS_EMBED_SWIFT_STANDARD_LIBRARIES = YES;
				CODE_SIGN_STYLE = Automatic;
				INFOPLIST_FILE = ProjetoNovoUITests/Info.plist;
				LD_RUNPATH_SEARCH_PATHS = (
					"$(inherited)",
					"@executable_path/Frameworks",
					"@loader_path/Frameworks",
				);
				PRODUCT_BUNDLE_IDENTIFIER = DigitalTest.ProjetoNovoUITests;
				PRODUCT_NAME = "$(TARGET_NAME)";
				SWIFT_VERSION = 4.2;
				TARGETED_DEVICE_FAMILY = "1,2";
				TEST_TARGET_NAME = ProjetoNovo;
			};
			name = Debug;
		};
		1309CBA32284E77F00C865FD /* Release */ = {
			isa = XCBuildConfiguration;
			buildSettings = {
				ALWAYS_EMBED_SWIFT_STANDARD_LIBRARIES = YES;
				CODE_SIGN_STYLE = Automatic;
				INFOPLIST_FILE = ProjetoNovoUITests/Info.plist;
				LD_RUNPATH_SEARCH_PATHS = (
					"$(inherited)",
					"@executable_path/Frameworks",
					"@loader_path/Frameworks",
				);
				PRODUCT_BUNDLE_IDENTIFIER = DigitalTest.ProjetoNovoUITests;
				PRODUCT_NAME = "$(TARGET_NAME)";
				SWIFT_VERSION = 4.2;
				TARGETED_DEVICE_FAMILY = "1,2";
				TEST_TARGET_NAME = ProjetoNovo;
			};
			name = Release;
		};
/* End XCBuildConfiguration section */

/* Begin XCConfigurationList section */
		1309CB6E2284E77E00C865FD /* Build configuration list for PBXProject "ProjetoNovo" */ = {
			isa = XCConfigurationList;
			buildConfigurations = (
				1309CB992284E77F00C865FD /* Debug */,
				1309CB9A2284E77F00C865FD /* Release */,
			);
			defaultConfigurationIsVisible = 0;
			defaultConfigurationName = Release;
		};
		1309CB9B2284E77F00C865FD /* Build configuration list for PBXNativeTarget "ProjetoNovo" */ = {
			isa = XCConfigurationList;
			buildConfigurations = (
				1309CB9C2284E77F00C865FD /* Debug */,
				1309CB9D2284E77F00C865FD /* Release */,
			);
			defaultConfigurationIsVisible = 0;
			defaultConfigurationName = Release;
		};
		1309CB9E2284E77F00C865FD /* Build configuration list for PBXNativeTarget "ProjetoNovoTests" */ = {
			isa = XCConfigurationList;
			buildConfigurations = (
				1309CB9F2284E77F00C865FD /* Debug */,
				1309CBA02284E77F00C865FD /* Release */,
			);
			defaultConfigurationIsVisible = 0;
			defaultConfigurationName = Release;
		};
		1309CBA12284E77F00C865FD /* Build configuration list for PBXNativeTarget "ProjetoNovoUITests" */ = {
			isa = XCConfigurationList;
			buildConfigurations = (
				1309CBA22284E77F00C865FD /* Debug */,
				1309CBA32284E77F00C865FD /* Release */,
			);
			defaultConfigurationIsVisible = 0;
			defaultConfigurationName = Release;
		};
/* End XCConfigurationList section */
	};
	rootObject = 1309CB6B2284E77E00C865FD /* Project object */;
}
