// !$*UTF8*$!
{
	archiveVersion = 1;
	classes = {
	};
	objectVersion = 50;
	objects = {

/* Begin PBXBuildFile section */
		0BEDDC20229889F600564048 /* Moto.swift in Sources */ = {isa = PBXBuildFile; fileRef = 0BEDDC1F229889F600564048 /* Moto.swift */; };
		131542EB2297577700482F01 /* CadastraCarroViewController.swift in Sources */ = {isa = PBXBuildFile; fileRef = 131542EA2297577700482F01 /* CadastraCarroViewController.swift */; };
		131542EF2297698E00482F01 /* CarroManager.swift in Sources */ = {isa = PBXBuildFile; fileRef = 131542EE2297698E00482F01 /* CarroManager.swift */; };
		38FCC3E42294B180002FD443 /* AppDelegate.swift in Sources */ = {isa = PBXBuildFile; fileRef = 38FCC3E32294B180002FD443 /* AppDelegate.swift */; };
		38FCC3E62294B180002FD443 /* ListaCarrosVC.swift in Sources */ = {isa = PBXBuildFile; fileRef = 38FCC3E52294B180002FD443 /* ListaCarrosVC.swift */; };
		38FCC3E92294B181002FD443 /* Main.storyboard in Resources */ = {isa = PBXBuildFile; fileRef = 38FCC3E72294B181002FD443 /* Main.storyboard */; };
		38FCC3EB2294B183002FD443 /* Assets.xcassets in Resources */ = {isa = PBXBuildFile; fileRef = 38FCC3EA2294B183002FD443 /* Assets.xcassets */; };
		38FCC3EE2294B183002FD443 /* LaunchScreen.storyboard in Resources */ = {isa = PBXBuildFile; fileRef = 38FCC3EC2294B183002FD443 /* LaunchScreen.storyboard */; };
		38FCC3F72294B45F002FD443 /* CarroTableCell.swift in Sources */ = {isa = PBXBuildFile; fileRef = 38FCC3F52294B45F002FD443 /* CarroTableCell.swift */; };
		38FCC3F82294B45F002FD443 /* CarroTableCell.xib in Resources */ = {isa = PBXBuildFile; fileRef = 38FCC3F62294B45F002FD443 /* CarroTableCell.xib */; };
		38FCC3FA2294D0AE002FD443 /* Carro.swift in Sources */ = {isa = PBXBuildFile; fileRef = 38FCC3F92294D0AE002FD443 /* Carro.swift */; };
		38FCC3FC2294D706002FD443 /* DetalheVC.swift in Sources */ = {isa = PBXBuildFile; fileRef = 38FCC3FB2294D706002FD443 /* DetalheVC.swift */; };
/* End PBXBuildFile section */

/* Begin PBXFileReference section */
		0BEDDC1F229889F600564048 /* Moto.swift */ = {isa = PBXFileReference; lastKnownFileType = sourcecode.swift; path = Moto.swift; sourceTree = "<group>"; };
		131542EA2297577700482F01 /* CadastraCarroViewController.swift */ = {isa = PBXFileReference; lastKnownFileType = sourcecode.swift; path = CadastraCarroViewController.swift; sourceTree = "<group>"; };
		131542EE2297698E00482F01 /* CarroManager.swift */ = {isa = PBXFileReference; lastKnownFileType = sourcecode.swift; path = CarroManager.swift; sourceTree = "<group>"; };
		38FCC3E02294B180002FD443 /* TableviewCarros.app */ = {isa = PBXFileReference; explicitFileType = wrapper.application; includeInIndex = 0; path = TableviewCarros.app; sourceTree = BUILT_PRODUCTS_DIR; };
		38FCC3E32294B180002FD443 /* AppDelegate.swift */ = {isa = PBXFileReference; lastKnownFileType = sourcecode.swift; path = AppDelegate.swift; sourceTree = "<group>"; };
		38FCC3E52294B180002FD443 /* ListaCarrosVC.swift */ = {isa = PBXFileReference; lastKnownFileType = sourcecode.swift; path = ListaCarrosVC.swift; sourceTree = "<group>"; };
		38FCC3E82294B181002FD443 /* Base */ = {isa = PBXFileReference; lastKnownFileType = file.storyboard; name = Base; path = Base.lproj/Main.storyboard; sourceTree = "<group>"; };
		38FCC3EA2294B183002FD443 /* Assets.xcassets */ = {isa = PBXFileReference; lastKnownFileType = folder.assetcatalog; path = Assets.xcassets; sourceTree = "<group>"; };
		38FCC3ED2294B183002FD443 /* Base */ = {isa = PBXFileReference; lastKnownFileType = file.storyboard; name = Base; path = Base.lproj/LaunchScreen.storyboard; sourceTree = "<group>"; };
		38FCC3EF2294B183002FD443 /* Info.plist */ = {isa = PBXFileReference; lastKnownFileType = text.plist.xml; path = Info.plist; sourceTree = "<group>"; };
		38FCC3F52294B45F002FD443 /* CarroTableCell.swift */ = {isa = PBXFileReference; lastKnownFileType = sourcecode.swift; path = CarroTableCell.swift; sourceTree = "<group>"; };
		38FCC3F62294B45F002FD443 /* CarroTableCell.xib */ = {isa = PBXFileReference; lastKnownFileType = file.xib; path = CarroTableCell.xib; sourceTree = "<group>"; };
		38FCC3F92294D0AE002FD443 /* Carro.swift */ = {isa = PBXFileReference; lastKnownFileType = sourcecode.swift; path = Carro.swift; sourceTree = "<group>"; };
		38FCC3FB2294D706002FD443 /* DetalheVC.swift */ = {isa = PBXFileReference; lastKnownFileType = sourcecode.swift; path = DetalheVC.swift; sourceTree = "<group>"; };
/* End PBXFileReference section */

/* Begin PBXFrameworksBuildPhase section */
		38FCC3DD2294B180002FD443 /* Frameworks */ = {
			isa = PBXFrameworksBuildPhase;
			buildActionMask = 2147483647;
			files = (
			);
			runOnlyForDeploymentPostprocessing = 0;
		};
/* End PBXFrameworksBuildPhase section */

/* Begin PBXGroup section */
		131542E5229752B800482F01 /* Models */ = {
			isa = PBXGroup;
			children = (
				38FCC3F92294D0AE002FD443 /* Carro.swift */,
				0BEDDC1F229889F600564048 /* Moto.swift */,
				131542EE2297698E00482F01 /* CarroManager.swift */,
			);
			path = Models;
			sourceTree = "<group>";
		};
		131542E6229752C900482F01 /* ListaDeCarros */ = {
			isa = PBXGroup;
			children = (
				38FCC3F52294B45F002FD443 /* CarroTableCell.swift */,
				38FCC3E52294B180002FD443 /* ListaCarrosVC.swift */,
			);
			path = ListaDeCarros;
			sourceTree = "<group>";
		};
		131542E72297532400482F01 /* Resources */ = {
			isa = PBXGroup;
			children = (
				38FCC3EC2294B183002FD443 /* LaunchScreen.storyboard */,
				38FCC3EF2294B183002FD443 /* Info.plist */,
				38FCC3E32294B180002FD443 /* AppDelegate.swift */,
				38FCC3EA2294B183002FD443 /* Assets.xcassets */,
				38FCC3F62294B45F002FD443 /* CarroTableCell.xib */,
			);
			path = Resources;
			sourceTree = "<group>";
		};
		131542E82297534D00482F01 /* DetalheDoCarro */ = {
			isa = PBXGroup;
			children = (
				38FCC3FB2294D706002FD443 /* DetalheVC.swift */,
			);
			path = DetalheDoCarro;
			sourceTree = "<group>";
		};
		131542E92297574300482F01 /* CadastraCarro */ = {
			isa = PBXGroup;
			children = (
				131542EA2297577700482F01 /* CadastraCarroViewController.swift */,
			);
			path = CadastraCarro;
			sourceTree = "<group>";
		};
		38FCC3D72294B180002FD443 = {
			isa = PBXGroup;
			children = (
				38FCC3E22294B180002FD443 /* TableviewCarros */,
				38FCC3E12294B180002FD443 /* Products */,
			);
			sourceTree = "<group>";
		};
		38FCC3E12294B180002FD443 /* Products */ = {
			isa = PBXGroup;
			children = (
				38FCC3E02294B180002FD443 /* TableviewCarros.app */,
			);
			name = Products;
			sourceTree = "<group>";
		};
		38FCC3E22294B180002FD443 /* TableviewCarros */ = {
			isa = PBXGroup;
			children = (
				131542E92297574300482F01 /* CadastraCarro */,
				131542E5229752B800482F01 /* Models */,
				131542E6229752C900482F01 /* ListaDeCarros */,
				131542E82297534D00482F01 /* DetalheDoCarro */,
				131542E72297532400482F01 /* Resources */,
				38FCC3E72294B181002FD443 /* Main.storyboard */,
			);
			path = TableviewCarros;
			sourceTree = "<group>";
		};
/* End PBXGroup section */

/* Begin PBXNativeTarget section */
		38FCC3DF2294B180002FD443 /* TableviewCarros */ = {
			isa = PBXNativeTarget;
			buildConfigurationList = 38FCC3F22294B183002FD443 /* Build configuration list for PBXNativeTarget "TableviewCarros" */;
			buildPhases = (
				38FCC3DC2294B180002FD443 /* Sources */,
				38FCC3DD2294B180002FD443 /* Frameworks */,
				38FCC3DE2294B180002FD443 /* Resources */,
			);
			buildRules = (
			);
			dependencies = (
			);
			name = TableviewCarros;
			productName = TableviewCarros;
			productReference = 38FCC3E02294B180002FD443 /* TableviewCarros.app */;
			productType = "com.apple.product-type.application";
		};
/* End PBXNativeTarget section */

/* Begin PBXProject section */
		38FCC3D82294B180002FD443 /* Project object */ = {
			isa = PBXProject;
			attributes = {
				LastSwiftUpdateCheck = 1010;
				LastUpgradeCheck = 1010;
				ORGANIZATIONNAME = DigitalHouse;
				TargetAttributes = {
					38FCC3DF2294B180002FD443 = {
						CreatedOnToolsVersion = 10.1;
					};
				};
			};
			buildConfigurationList = 38FCC3DB2294B180002FD443 /* Build configuration list for PBXProject "TableviewCarros" */;
			compatibilityVersion = "Xcode 9.3";
			developmentRegion = en;
			hasScannedForEncodings = 0;
			knownRegions = (
				en,
				Base,
			);
			mainGroup = 38FCC3D72294B180002FD443;
			productRefGroup = 38FCC3E12294B180002FD443 /* Products */;
			projectDirPath = "";
			projectRoot = "";
			targets = (
				38FCC3DF2294B180002FD443 /* TableviewCarros */,
			);
		};
/* End PBXProject section */

/* Begin PBXResourcesBuildPhase section */
		38FCC3DE2294B180002FD443 /* Resources */ = {
			isa = PBXResourcesBuildPhase;
			buildActionMask = 2147483647;
			files = (
				38FCC3EE2294B183002FD443 /* LaunchScreen.storyboard in Resources */,
				38FCC3EB2294B183002FD443 /* Assets.xcassets in Resources */,
				38FCC3F82294B45F002FD443 /* CarroTableCell.xib in Resources */,
				38FCC3E92294B181002FD443 /* Main.storyboard in Resources */,
			);
			runOnlyForDeploymentPostprocessing = 0;
		};
/* End PBXResourcesBuildPhase section */

/* Begin PBXSourcesBuildPhase section */
		38FCC3DC2294B180002FD443 /* Sources */ = {
			isa = PBXSourcesBuildPhase;
			buildActionMask = 2147483647;
			files = (
				38FCC3FC2294D706002FD443 /* DetalheVC.swift in Sources */,
				131542EF2297698E00482F01 /* CarroManager.swift in Sources */,
				131542EB2297577700482F01 /* CadastraCarroViewController.swift in Sources */,
				38FCC3E62294B180002FD443 /* ListaCarrosVC.swift in Sources */,
				0BEDDC20229889F600564048 /* Moto.swift in Sources */,
				38FCC3FA2294D0AE002FD443 /* Carro.swift in Sources */,
				38FCC3F72294B45F002FD443 /* CarroTableCell.swift in Sources */,
				38FCC3E42294B180002FD443 /* AppDelegate.swift in Sources */,
			);
			runOnlyForDeploymentPostprocessing = 0;
		};
/* End PBXSourcesBuildPhase section */

/* Begin PBXVariantGroup section */
		38FCC3E72294B181002FD443 /* Main.storyboard */ = {
			isa = PBXVariantGroup;
			children = (
				38FCC3E82294B181002FD443 /* Base */,
			);
			name = Main.storyboard;
			sourceTree = "<group>";
		};
		38FCC3EC2294B183002FD443 /* LaunchScreen.storyboard */ = {
			isa = PBXVariantGroup;
			children = (
				38FCC3ED2294B183002FD443 /* Base */,
			);
			name = LaunchScreen.storyboard;
			sourceTree = "<group>";
		};
/* End PBXVariantGroup section */

/* Begin XCBuildConfiguration section */
		38FCC3F02294B183002FD443 /* Debug */ = {
			isa = XCBuildConfiguration;
			buildSettings = {
				ALWAYS_SEARCH_USER_PATHS = NO;
				CLANG_ANALYZER_NONNULL = YES;
				CLANG_ANALYZER_NUMBER_OBJECT_CONVERSION = YES_AGGRESSIVE;
				CLANG_CXX_LANGUAGE_STANDARD = "gnu++14";
				CLANG_CXX_LIBRARY = "libc++";
				CLANG_ENABLE_MODULES = YES;
				CLANG_ENABLE_OBJC_ARC = YES;
				CLANG_ENABLE_OBJC_WEAK = YES;
				CLANG_WARN_BLOCK_CAPTURE_AUTORELEASING = YES;
				CLANG_WARN_BOOL_CONVERSION = YES;
				CLANG_WARN_COMMA = YES;
				CLANG_WARN_CONSTANT_CONVERSION = YES;
				CLANG_WARN_DEPRECATED_OBJC_IMPLEMENTATIONS = YES;
				CLANG_WARN_DIRECT_OBJC_ISA_USAGE = YES_ERROR;
				CLANG_WARN_DOCUMENTATION_COMMENTS = YES;
				CLANG_WARN_EMPTY_BODY = YES;
				CLANG_WARN_ENUM_CONVERSION = YES;
				CLANG_WARN_INFINITE_RECURSION = YES;
				CLANG_WARN_INT_CONVERSION = YES;
				CLANG_WARN_NON_LITERAL_NULL_CONVERSION = YES;
				CLANG_WARN_OBJC_IMPLICIT_RETAIN_SELF = YES;
				CLANG_WARN_OBJC_LITERAL_CONVERSION = YES;
				CLANG_WARN_OBJC_ROOT_CLASS = YES_ERROR;
				CLANG_WARN_RANGE_LOOP_ANALYSIS = YES;
				CLANG_WARN_STRICT_PROTOTYPES = YES;
				CLANG_WARN_SUSPICIOUS_MOVE = YES;
				CLANG_WARN_UNGUARDED_AVAILABILITY = YES_AGGRESSIVE;
				CLANG_WARN_UNREACHABLE_CODE = YES;
				CLANG_WARN__DUPLICATE_METHOD_MATCH = YES;
				CODE_SIGN_IDENTITY = "iPhone Developer";
				COPY_PHASE_STRIP = NO;
				DEBUG_INFORMATION_FORMAT = dwarf;
				ENABLE_STRICT_OBJC_MSGSEND = YES;
				ENABLE_TESTABILITY = YES;
				GCC_C_LANGUAGE_STANDARD = gnu11;
				GCC_DYNAMIC_NO_PIC = NO;
				GCC_NO_COMMON_BLOCKS = YES;
				GCC_OPTIMIZATION_LEVEL = 0;
				GCC_PREPROCESSOR_DEFINITIONS = (
					"DEBUG=1",
					"$(inherited)",
				);
				GCC_WARN_64_TO_32_BIT_CONVERSION = YES;
				GCC_WARN_ABOUT_RETURN_TYPE = YES_ERROR;
				GCC_WARN_UNDECLARED_SELECTOR = YES;
				GCC_WARN_UNINITIALIZED_AUTOS = YES_AGGRESSIVE;
				GCC_WARN_UNUSED_FUNCTION = YES;
				GCC_WARN_UNUSED_VARIABLE = YES;
				IPHONEOS_DEPLOYMENT_TARGET = 12.1;
				MTL_ENABLE_DEBUG_INFO = INCLUDE_SOURCE;
				MTL_FAST_MATH = YES;
				ONLY_ACTIVE_ARCH = YES;
				SDKROOT = iphoneos;
				SWIFT_ACTIVE_COMPILATION_CONDITIONS = DEBUG;
				SWIFT_OPTIMIZATION_LEVEL = "-Onone";
			};
			name = Debug;
		};
		38FCC3F12294B183002FD443 /* Release */ = {
			isa = XCBuildConfiguration;
			buildSettings = {
				ALWAYS_SEARCH_USER_PATHS = NO;
				CLANG_ANALYZER_NONNULL = YES;
				CLANG_ANALYZER_NUMBER_OBJECT_CONVERSION = YES_AGGRESSIVE;
				CLANG_CXX_LANGUAGE_STANDARD = "gnu++14";
				CLANG_CXX_LIBRARY = "libc++";
				CLANG_ENABLE_MODULES = YES;
				CLANG_ENABLE_OBJC_ARC = YES;
				CLANG_ENABLE_OBJC_WEAK = YES;
				CLANG_WARN_BLOCK_CAPTURE_AUTORELEASING = YES;
				CLANG_WARN_BOOL_CONVERSION = YES;
				CLANG_WARN_COMMA = YES;
				CLANG_WARN_CONSTANT_CONVERSION = YES;
				CLANG_WARN_DEPRECATED_OBJC_IMPLEMENTATIONS = YES;
				CLANG_WARN_DIRECT_OBJC_ISA_USAGE = YES_ERROR;
				CLANG_WARN_DOCUMENTATION_COMMENTS = YES;
				CLANG_WARN_EMPTY_BODY = YES;
				CLANG_WARN_ENUM_CONVERSION = YES;
				CLANG_WARN_INFINITE_RECURSION = YES;
				CLANG_WARN_INT_CONVERSION = YES;
				CLANG_WARN_NON_LITERAL_NULL_CONVERSION = YES;
				CLANG_WARN_OBJC_IMPLICIT_RETAIN_SELF = YES;
				CLANG_WARN_OBJC_LITERAL_CONVERSION = YES;
				CLANG_WARN_OBJC_ROOT_CLASS = YES_ERROR;
				CLANG_WARN_RANGE_LOOP_ANALYSIS = YES;
				CLANG_WARN_STRICT_PROTOTYPES = YES;
				CLANG_WARN_SUSPICIOUS_MOVE = YES;
				CLANG_WARN_UNGUARDED_AVAILABILITY = YES_AGGRESSIVE;
				CLANG_WARN_UNREACHABLE_CODE = YES;
				CLANG_WARN__DUPLICATE_METHOD_MATCH = YES;
				CODE_SIGN_IDENTITY = "iPhone Developer";
				COPY_PHASE_STRIP = NO;
				DEBUG_INFORMATION_FORMAT = "dwarf-with-dsym";
				ENABLE_NS_ASSERTIONS = NO;
				ENABLE_STRICT_OBJC_MSGSEND = YES;
				GCC_C_LANGUAGE_STANDARD = gnu11;
				GCC_NO_COMMON_BLOCKS = YES;
				GCC_WARN_64_TO_32_BIT_CONVERSION = YES;
				GCC_WARN_ABOUT_RETURN_TYPE = YES_ERROR;
				GCC_WARN_UNDECLARED_SELECTOR = YES;
				GCC_WARN_UNINITIALIZED_AUTOS = YES_AGGRESSIVE;
				GCC_WARN_UNUSED_FUNCTION = YES;
				GCC_WARN_UNUSED_VARIABLE = YES;
				IPHONEOS_DEPLOYMENT_TARGET = 12.1;
				MTL_ENABLE_DEBUG_INFO = NO;
				MTL_FAST_MATH = YES;
				SDKROOT = iphoneos;
				SWIFT_COMPILATION_MODE = wholemodule;
				SWIFT_OPTIMIZATION_LEVEL = "-O";
				VALIDATE_PRODUCT = YES;
			};
			name = Release;
		};
		38FCC3F32294B183002FD443 /* Debug */ = {
			isa = XCBuildConfiguration;
			buildSettings = {
				ASSETCATALOG_COMPILER_APPICON_NAME = AppIcon;
				CODE_SIGN_STYLE = Automatic;
				INFOPLIST_FILE = "$(SRCROOT)/TableviewCarros/Resources/Info.plist";
				LD_RUNPATH_SEARCH_PATHS = (
					"$(inherited)",
					"@executable_path/Frameworks",
				);
				PRODUCT_BUNDLE_IDENTIFIER = DigitalHouse.TableviewCarros;
				PRODUCT_NAME = "$(TARGET_NAME)";
				SWIFT_VERSION = 4.2;
				TARGETED_DEVICE_FAMILY = "1,2";
			};
			name = Debug;
		};
		38FCC3F42294B183002FD443 /* Release */ = {
			isa = XCBuildConfiguration;
			buildSettings = {
				ASSETCATALOG_COMPILER_APPICON_NAME = AppIcon;
				CODE_SIGN_STYLE = Automatic;
				INFOPLIST_FILE = "$(SRCROOT)/TableviewCarros/Resources/Info.plist";
				LD_RUNPATH_SEARCH_PATHS = (
					"$(inherited)",
					"@executable_path/Frameworks",
				);
				PRODUCT_BUNDLE_IDENTIFIER = DigitalHouse.TableviewCarros;
				PRODUCT_NAME = "$(TARGET_NAME)";
				SWIFT_VERSION = 4.2;
				TARGETED_DEVICE_FAMILY = "1,2";
			};
			name = Release;
		};
/* End XCBuildConfiguration section */

/* Begin XCConfigurationList section */
		38FCC3DB2294B180002FD443 /* Build configuration list for PBXProject "TableviewCarros" */ = {
			isa = XCConfigurationList;
			buildConfigurations = (
				38FCC3F02294B183002FD443 /* Debug */,
				38FCC3F12294B183002FD443 /* Release */,
			);
			defaultConfigurationIsVisible = 0;
			defaultConfigurationName = Release;
		};
		38FCC3F22294B183002FD443 /* Build configuration list for PBXNativeTarget "TableviewCarros" */ = {
			isa = XCConfigurationList;
			buildConfigurations = (
				38FCC3F32294B183002FD443 /* Debug */,
				38FCC3F42294B183002FD443 /* Release */,
			);
			defaultConfigurationIsVisible = 0;
			defaultConfigurationName = Release;
		};
/* End XCConfigurationList section */
	};
	rootObject = 38FCC3D82294B180002FD443 /* Project object */;
}
